// !$*UTF8*$!
{
	archiveVersion = 1;
	classes = {
	};
	objectVersion = 55;
	objects = {

/* Begin PBXBuildFile section */
		5E5D85F72AACC51100F2BFF8 /* LaunchScreen.storyboard in Resources */ = {isa = PBXBuildFile; fileRef = 5E5D85F62AACC51100F2BFF8 /* LaunchScreen.storyboard */; };
		5E5D85FC2AACCFF100F2BFF8 /* _Stub.swift in Sources */ = {isa = PBXBuildFile; fileRef = 5E5D85FB2AACCFF100F2BFF8 /* _Stub.swift */; };
		5E5D85FE2AACD08900F2BFF8 /* XCTestsCase+Extensions.swift in Sources */ = {isa = PBXBuildFile; fileRef = 5E5D85FD2AACD08900F2BFF8 /* XCTestsCase+Extensions.swift */; };
		5E5D86012AACD32400F2BFF8 /* FoodListViewModel_Tests.swift in Sources */ = {isa = PBXBuildFile; fileRef = 5E5D86002AACD32400F2BFF8 /* FoodListViewModel_Tests.swift */; };
		5E5D86032AACD3AA00F2BFF8 /* FoodModelStub.swift in Sources */ = {isa = PBXBuildFile; fileRef = 5E5D86022AACD3AA00F2BFF8 /* FoodModelStub.swift */; };
		5E5D86052AACD44D00F2BFF8 /* PaymentHandlerStub.swift in Sources */ = {isa = PBXBuildFile; fileRef = 5E5D86042AACD44D00F2BFF8 /* PaymentHandlerStub.swift */; };
		5E5D86072AAD96D300F2BFF8 /* Cart+ViewModel_Tests.swift in Sources */ = {isa = PBXBuildFile; fileRef = 5E5D86062AAD96D300F2BFF8 /* Cart+ViewModel_Tests.swift */; };
		5E5D860B2AADB88E00F2BFF8 /* NetWorkError.swift in Sources */ = {isa = PBXBuildFile; fileRef = 5E5D860A2AADB88E00F2BFF8 /* NetWorkError.swift */; };
		5E5D860E2AADD0ED00F2BFF8 /* herokuapp.cer in Resources */ = {isa = PBXBuildFile; fileRef = 5E5D860D2AADC42900F2BFF8 /* herokuapp.cer */; };
		5E8980B42AAC4A5D00DDBE9B /* FakeFoodModel.swift in Sources */ = {isa = PBXBuildFile; fileRef = 5E8980B32AAC4A5D00DDBE9B /* FakeFoodModel.swift */; };
		5E8980B82AAC501E00DDBE9B /* LoaderView.swift in Sources */ = {isa = PBXBuildFile; fileRef = 5E8980B72AAC501E00DDBE9B /* LoaderView.swift */; };
		5E8980BA2AAC60BA00DDBE9B /* CartView.swift in Sources */ = {isa = PBXBuildFile; fileRef = 5E8980B92AAC60BA00DDBE9B /* CartView.swift */; };
		5E8980BC2AAC611200DDBE9B /* CartButton.swift in Sources */ = {isa = PBXBuildFile; fileRef = 5E8980BB2AAC611200DDBE9B /* CartButton.swift */; };
		5E8980C02AAC646E00DDBE9B /* ViewState.swift in Sources */ = {isa = PBXBuildFile; fileRef = 5E8980BF2AAC646E00DDBE9B /* ViewState.swift */; };
		5E8980C22AAC65D400DDBE9B /* ProductRow.swift in Sources */ = {isa = PBXBuildFile; fileRef = 5E8980C12AAC65D400DDBE9B /* ProductRow.swift */; };
		5EA9D1642AAC6BBD00587DE2 /* NumberFormatter.swift in Sources */ = {isa = PBXBuildFile; fileRef = 5EA9D1632AAC6BBD00587DE2 /* NumberFormatter.swift */; };
		5EA9D1662AACAE2E00587DE2 /* PaymentButton.swift in Sources */ = {isa = PBXBuildFile; fileRef = 5EA9D1652AACAE2E00587DE2 /* PaymentButton.swift */; };
		5EA9D1682AACB5B100587DE2 /* PaymentHandler.swift in Sources */ = {isa = PBXBuildFile; fileRef = 5EA9D1672AACB5B100587DE2 /* PaymentHandler.swift */; };
		5EA9D16B2AACBA3600587DE2 /* PaymentProcessor.swift in Sources */ = {isa = PBXBuildFile; fileRef = 5EA9D16A2AACBA3600587DE2 /* PaymentProcessor.swift */; };
		5EA9D16D2AACBACF00587DE2 /* PaymentHandler+PKPaymentAuthorizationControllerDelegate.swift in Sources */ = {isa = PBXBuildFile; fileRef = 5EA9D16C2AACBACF00587DE2 /* PaymentHandler+PKPaymentAuthorizationControllerDelegate.swift */; };
		5EA9D16F2AACBD1C00587DE2 /* FakePaymentProcessor.swift in Sources */ = {isa = PBXBuildFile; fileRef = 5EA9D16E2AACBD1C00587DE2 /* FakePaymentProcessor.swift */; };
		5EFD57262AAA035A00C64ADC /* FoodAppApp.swift in Sources */ = {isa = PBXBuildFile; fileRef = 5EFD57252AAA035A00C64ADC /* FoodAppApp.swift */; };
		5EFD57282AAA035A00C64ADC /* FoodListView.swift in Sources */ = {isa = PBXBuildFile; fileRef = 5EFD57272AAA035A00C64ADC /* FoodListView.swift */; };
		5EFD572A2AAA035C00C64ADC /* Assets.xcassets in Resources */ = {isa = PBXBuildFile; fileRef = 5EFD57292AAA035C00C64ADC /* Assets.xcassets */; };
		5EFD572D2AAA035C00C64ADC /* Preview Assets.xcassets in Resources */ = {isa = PBXBuildFile; fileRef = 5EFD572C2AAA035C00C64ADC /* Preview Assets.xcassets */; };
		5EFD57412AAA035C00C64ADC /* FoodAppUITests.swift in Sources */ = {isa = PBXBuildFile; fileRef = 5EFD57402AAA035C00C64ADC /* FoodAppUITests.swift */; };
		5EFD57432AAA035C00C64ADC /* FoodAppUITestsLaunchTests.swift in Sources */ = {isa = PBXBuildFile; fileRef = 5EFD57422AAA035C00C64ADC /* FoodAppUITestsLaunchTests.swift */; };
		5EFD57572AAAF19500C64ADC /* Localizable.strings in Resources */ = {isa = PBXBuildFile; fileRef = 5EFD57562AAAF19500C64ADC /* Localizable.strings */; };
		5EFD57592AAAF27C00C64ADC /* FoodViewModel.swift in Sources */ = {isa = PBXBuildFile; fileRef = 5EFD57582AAAF27C00C64ADC /* FoodViewModel.swift */; };
		5EFD575B2AAAF30900C64ADC /* FoodModel.swift in Sources */ = {isa = PBXBuildFile; fileRef = 5EFD575A2AAAF30900C64ADC /* FoodModel.swift */; };
		5EFD575E2AAAF36C00C64ADC /* Food.swift in Sources */ = {isa = PBXBuildFile; fileRef = 5EFD575D2AAAF36C00C64ADC /* Food.swift */; };
		5EFD57602AAAF3EE00C64ADC /* DefaultFoodModel.swift in Sources */ = {isa = PBXBuildFile; fileRef = 5EFD575F2AAAF3EE00C64ADC /* DefaultFoodModel.swift */; };
		5EFD57682AAAF8B400C64ADC /* NetworkManager.swift in Sources */ = {isa = PBXBuildFile; fileRef = 5EFD57672AAAF8B400C64ADC /* NetworkManager.swift */; };
		5EFD576E2AABA9AF00C64ADC /* FoodCard.swift in Sources */ = {isa = PBXBuildFile; fileRef = 5EFD576D2AABA9AF00C64ADC /* FoodCard.swift */; };
/* End PBXBuildFile section */

/* Begin PBXContainerItemProxy section */
		5EFD57332AAA035C00C64ADC /* PBXContainerItemProxy */ = {
			isa = PBXContainerItemProxy;
			containerPortal = 5EFD571A2AAA035A00C64ADC /* Project object */;
			proxyType = 1;
			remoteGlobalIDString = 5EFD57212AAA035A00C64ADC;
			remoteInfo = FoodApp;
		};
		5EFD573D2AAA035C00C64ADC /* PBXContainerItemProxy */ = {
			isa = PBXContainerItemProxy;
			containerPortal = 5EFD571A2AAA035A00C64ADC /* Project object */;
			proxyType = 1;
			remoteGlobalIDString = 5EFD57212AAA035A00C64ADC;
			remoteInfo = FoodApp;
		};
/* End PBXContainerItemProxy section */

/* Begin PBXFileReference section */
		5E5D85F62AACC51100F2BFF8 /* LaunchScreen.storyboard */ = {isa = PBXFileReference; lastKnownFileType = file.storyboard; path = LaunchScreen.storyboard; sourceTree = "<group>"; };
		5E5D85FB2AACCFF100F2BFF8 /* _Stub.swift */ = {isa = PBXFileReference; lastKnownFileType = sourcecode.swift; path = _Stub.swift; sourceTree = "<group>"; };
		5E5D85FD2AACD08900F2BFF8 /* XCTestsCase+Extensions.swift */ = {isa = PBXFileReference; lastKnownFileType = sourcecode.swift; path = "XCTestsCase+Extensions.swift"; sourceTree = "<group>"; };
		5E5D86002AACD32400F2BFF8 /* FoodListViewModel_Tests.swift */ = {isa = PBXFileReference; lastKnownFileType = sourcecode.swift; path = FoodListViewModel_Tests.swift; sourceTree = "<group>"; };
		5E5D86022AACD3AA00F2BFF8 /* FoodModelStub.swift */ = {isa = PBXFileReference; lastKnownFileType = sourcecode.swift; path = FoodModelStub.swift; sourceTree = "<group>"; };
		5E5D86042AACD44D00F2BFF8 /* PaymentHandlerStub.swift */ = {isa = PBXFileReference; lastKnownFileType = sourcecode.swift; path = PaymentHandlerStub.swift; sourceTree = "<group>"; };
		5E5D86062AAD96D300F2BFF8 /* Cart+ViewModel_Tests.swift */ = {isa = PBXFileReference; lastKnownFileType = sourcecode.swift; path = "Cart+ViewModel_Tests.swift"; sourceTree = "<group>"; };
		5E5D860A2AADB88E00F2BFF8 /* NetWorkError.swift */ = {isa = PBXFileReference; lastKnownFileType = sourcecode.swift; path = NetWorkError.swift; sourceTree = "<group>"; };
		5E5D860D2AADC42900F2BFF8 /* herokuapp.cer */ = {isa = PBXFileReference; lastKnownFileType = file; path = herokuapp.cer; sourceTree = "<group>"; };
		5E8980B32AAC4A5D00DDBE9B /* FakeFoodModel.swift */ = {isa = PBXFileReference; lastKnownFileType = sourcecode.swift; path = FakeFoodModel.swift; sourceTree = "<group>"; };
		5E8980B72AAC501E00DDBE9B /* LoaderView.swift */ = {isa = PBXFileReference; lastKnownFileType = sourcecode.swift; path = LoaderView.swift; sourceTree = "<group>"; };
		5E8980B92AAC60BA00DDBE9B /* CartView.swift */ = {isa = PBXFileReference; lastKnownFileType = sourcecode.swift; path = CartView.swift; sourceTree = "<group>"; };
		5E8980BB2AAC611200DDBE9B /* CartButton.swift */ = {isa = PBXFileReference; lastKnownFileType = sourcecode.swift; path = CartButton.swift; sourceTree = "<group>"; };
		5E8980BF2AAC646E00DDBE9B /* ViewState.swift */ = {isa = PBXFileReference; lastKnownFileType = sourcecode.swift; path = ViewState.swift; sourceTree = "<group>"; };
		5E8980C12AAC65D400DDBE9B /* ProductRow.swift */ = {isa = PBXFileReference; lastKnownFileType = sourcecode.swift; path = ProductRow.swift; sourceTree = "<group>"; };
		5EA9D1632AAC6BBD00587DE2 /* NumberFormatter.swift */ = {isa = PBXFileReference; lastKnownFileType = sourcecode.swift; path = NumberFormatter.swift; sourceTree = "<group>"; };
		5EA9D1652AACAE2E00587DE2 /* PaymentButton.swift */ = {isa = PBXFileReference; lastKnownFileType = sourcecode.swift; path = PaymentButton.swift; sourceTree = "<group>"; };
		5EA9D1672AACB5B100587DE2 /* PaymentHandler.swift */ = {isa = PBXFileReference; lastKnownFileType = sourcecode.swift; path = PaymentHandler.swift; sourceTree = "<group>"; };
		5EA9D16A2AACBA3600587DE2 /* PaymentProcessor.swift */ = {isa = PBXFileReference; lastKnownFileType = sourcecode.swift; path = PaymentProcessor.swift; sourceTree = "<group>"; };
		5EA9D16C2AACBACF00587DE2 /* PaymentHandler+PKPaymentAuthorizationControllerDelegate.swift */ = {isa = PBXFileReference; lastKnownFileType = sourcecode.swift; path = "PaymentHandler+PKPaymentAuthorizationControllerDelegate.swift"; sourceTree = "<group>"; };
		5EA9D16E2AACBD1C00587DE2 /* FakePaymentProcessor.swift */ = {isa = PBXFileReference; lastKnownFileType = sourcecode.swift; path = FakePaymentProcessor.swift; sourceTree = "<group>"; };
		5EFD57222AAA035A00C64ADC /* FoodApp.app */ = {isa = PBXFileReference; explicitFileType = wrapper.application; includeInIndex = 0; path = FoodApp.app; sourceTree = BUILT_PRODUCTS_DIR; };
		5EFD57252AAA035A00C64ADC /* FoodAppApp.swift */ = {isa = PBXFileReference; lastKnownFileType = sourcecode.swift; path = FoodAppApp.swift; sourceTree = "<group>"; };
		5EFD57272AAA035A00C64ADC /* FoodListView.swift */ = {isa = PBXFileReference; lastKnownFileType = sourcecode.swift; path = FoodListView.swift; sourceTree = "<group>"; };
		5EFD57292AAA035C00C64ADC /* Assets.xcassets */ = {isa = PBXFileReference; lastKnownFileType = folder.assetcatalog; path = Assets.xcassets; sourceTree = "<group>"; };
		5EFD572C2AAA035C00C64ADC /* Preview Assets.xcassets */ = {isa = PBXFileReference; lastKnownFileType = folder.assetcatalog; path = "Preview Assets.xcassets"; sourceTree = "<group>"; };
		5EFD57322AAA035C00C64ADC /* FoodAppTests.xctest */ = {isa = PBXFileReference; explicitFileType = wrapper.cfbundle; includeInIndex = 0; path = FoodAppTests.xctest; sourceTree = BUILT_PRODUCTS_DIR; };
		5EFD573C2AAA035C00C64ADC /* FoodAppUITests.xctest */ = {isa = PBXFileReference; explicitFileType = wrapper.cfbundle; includeInIndex = 0; path = FoodAppUITests.xctest; sourceTree = BUILT_PRODUCTS_DIR; };
		5EFD57402AAA035C00C64ADC /* FoodAppUITests.swift */ = {isa = PBXFileReference; lastKnownFileType = sourcecode.swift; path = FoodAppUITests.swift; sourceTree = "<group>"; };
		5EFD57422AAA035C00C64ADC /* FoodAppUITestsLaunchTests.swift */ = {isa = PBXFileReference; lastKnownFileType = sourcecode.swift; path = FoodAppUITestsLaunchTests.swift; sourceTree = "<group>"; };
		5EFD57562AAAF19500C64ADC /* Localizable.strings */ = {isa = PBXFileReference; lastKnownFileType = text.plist.strings; path = Localizable.strings; sourceTree = "<group>"; };
		5EFD57582AAAF27C00C64ADC /* FoodViewModel.swift */ = {isa = PBXFileReference; lastKnownFileType = sourcecode.swift; path = FoodViewModel.swift; sourceTree = "<group>"; };
		5EFD575A2AAAF30900C64ADC /* FoodModel.swift */ = {isa = PBXFileReference; lastKnownFileType = sourcecode.swift; path = FoodModel.swift; sourceTree = "<group>"; };
		5EFD575D2AAAF36C00C64ADC /* Food.swift */ = {isa = PBXFileReference; lastKnownFileType = sourcecode.swift; path = Food.swift; sourceTree = "<group>"; };
		5EFD575F2AAAF3EE00C64ADC /* DefaultFoodModel.swift */ = {isa = PBXFileReference; lastKnownFileType = sourcecode.swift; path = DefaultFoodModel.swift; sourceTree = "<group>"; };
		5EFD57672AAAF8B400C64ADC /* NetworkManager.swift */ = {isa = PBXFileReference; lastKnownFileType = sourcecode.swift; path = NetworkManager.swift; sourceTree = "<group>"; };
		5EFD576D2AABA9AF00C64ADC /* FoodCard.swift */ = {isa = PBXFileReference; lastKnownFileType = sourcecode.swift; path = FoodCard.swift; sourceTree = "<group>"; };
/* End PBXFileReference section */

/* Begin PBXFrameworksBuildPhase section */
		5EFD571F2AAA035A00C64ADC /* Frameworks */ = {
			isa = PBXFrameworksBuildPhase;
			buildActionMask = 2147483647;
			files = (
			);
			runOnlyForDeploymentPostprocessing = 0;
		};
		5EFD572F2AAA035C00C64ADC /* Frameworks */ = {
			isa = PBXFrameworksBuildPhase;
			buildActionMask = 2147483647;
			files = (
			);
			runOnlyForDeploymentPostprocessing = 0;
		};
		5EFD57392AAA035C00C64ADC /* Frameworks */ = {
			isa = PBXFrameworksBuildPhase;
			buildActionMask = 2147483647;
			files = (
			);
			runOnlyForDeploymentPostprocessing = 0;
		};
/* End PBXFrameworksBuildPhase section */

/* Begin PBXGroup section */
		5E5D85F82AACCF4C00F2BFF8 /* TestDoubles */ = {
			isa = PBXGroup;
			children = (
				5E5D86022AACD3AA00F2BFF8 /* FoodModelStub.swift */,
				5E5D86042AACD44D00F2BFF8 /* PaymentHandlerStub.swift */,
			);
			path = TestDoubles;
			sourceTree = "<group>";
		};
		5E5D85F92AACCF6700F2BFF8 /* Screens */ = {
			isa = PBXGroup;
			children = (
				5E5D85FF2AACD2F200F2BFF8 /* FoodList */,
			);
			path = Screens;
			sourceTree = "<group>";
		};
		5E5D85FA2AACCFCC00F2BFF8 /* Utilities */ = {
			isa = PBXGroup;
			children = (
				5E5D85FB2AACCFF100F2BFF8 /* _Stub.swift */,
				5E5D85FD2AACD08900F2BFF8 /* XCTestsCase+Extensions.swift */,
			);
			path = Utilities;
			sourceTree = "<group>";
		};
		5E5D85FF2AACD2F200F2BFF8 /* FoodList */ = {
			isa = PBXGroup;
			children = (
				5E5D86002AACD32400F2BFF8 /* FoodListViewModel_Tests.swift */,
				5E5D86062AAD96D300F2BFF8 /* Cart+ViewModel_Tests.swift */,
			);
			path = FoodList;
			sourceTree = "<group>";
		};
		5E5D860C2AADC40900F2BFF8 /* Certificates */ = {
			isa = PBXGroup;
			children = (
				5E5D860D2AADC42900F2BFF8 /* herokuapp.cer */,
			);
			path = Certificates;
			sourceTree = "<group>";
		};
		5EA9D1622AAC6B8200587DE2 /* Extensions */ = {
			isa = PBXGroup;
			children = (
				5EA9D1632AAC6BBD00587DE2 /* NumberFormatter.swift */,
			);
			path = Extensions;
			sourceTree = "<group>";
		};
		5EA9D1692AACB9D200587DE2 /* Payments */ = {
			isa = PBXGroup;
			children = (
				5EA9D1672AACB5B100587DE2 /* PaymentHandler.swift */,
				5EA9D16C2AACBACF00587DE2 /* PaymentHandler+PKPaymentAuthorizationControllerDelegate.swift */,
				5EA9D16A2AACBA3600587DE2 /* PaymentProcessor.swift */,
			);
			path = Payments;
			sourceTree = "<group>";
		};
		5EFD57192AAA035A00C64ADC = {
			isa = PBXGroup;
			children = (
				5EFD57242AAA035A00C64ADC /* FoodApp */,
				5EFD57352AAA035C00C64ADC /* FoodAppTests */,
				5EFD573F2AAA035C00C64ADC /* FoodAppUITests */,
				5EFD57232AAA035A00C64ADC /* Products */,
			);
			sourceTree = "<group>";
		};
		5EFD57232AAA035A00C64ADC /* Products */ = {
			isa = PBXGroup;
			children = (
				5EFD57222AAA035A00C64ADC /* FoodApp.app */,
				5EFD57322AAA035C00C64ADC /* FoodAppTests.xctest */,
				5EFD573C2AAA035C00C64ADC /* FoodAppUITests.xctest */,
			);
			name = Products;
			sourceTree = "<group>";
		};
		5EFD57242AAA035A00C64ADC /* FoodApp */ = {
			isa = PBXGroup;
			children = (
				5E5D85F62AACC51100F2BFF8 /* LaunchScreen.storyboard */,
				5EFD57252AAA035A00C64ADC /* FoodAppApp.swift */,
				5EFD57552AAAF17200C64ADC /* Assets */,
				5E5D860C2AADC40900F2BFF8 /* Certificates */,
				5EFD57512AAAF12E00C64ADC /* Components */,
				5EA9D1622AAC6B8200587DE2 /* Extensions */,
				5EFD572B2AAA035C00C64ADC /* Preview Content */,
				5EFD574F2AAAF08700C64ADC /* Screens */,
				5EFD57662AAAF89000C64ADC /* Utilities */,
			);
			path = FoodApp;
			sourceTree = "<group>";
		};
		5EFD572B2AAA035C00C64ADC /* Preview Content */ = {
			isa = PBXGroup;
			children = (
				5E8980B32AAC4A5D00DDBE9B /* FakeFoodModel.swift */,
				5EA9D16E2AACBD1C00587DE2 /* FakePaymentProcessor.swift */,
				5EFD572C2AAA035C00C64ADC /* Preview Assets.xcassets */,
			);
			path = "Preview Content";
			sourceTree = "<group>";
		};
		5EFD57352AAA035C00C64ADC /* FoodAppTests */ = {
			isa = PBXGroup;
			children = (
				5E5D85FA2AACCFCC00F2BFF8 /* Utilities */,
				5E5D85F92AACCF6700F2BFF8 /* Screens */,
				5E5D85F82AACCF4C00F2BFF8 /* TestDoubles */,
			);
			path = FoodAppTests;
			sourceTree = "<group>";
		};
		5EFD573F2AAA035C00C64ADC /* FoodAppUITests */ = {
			isa = PBXGroup;
			children = (
				5EFD57402AAA035C00C64ADC /* FoodAppUITests.swift */,
				5EFD57422AAA035C00C64ADC /* FoodAppUITestsLaunchTests.swift */,
			);
			path = FoodAppUITests;
			sourceTree = "<group>";
		};
		5EFD574F2AAAF08700C64ADC /* Screens */ = {
			isa = PBXGroup;
			children = (
				5EFD57652AAAF6B800C64ADC /* FoodList */,
				5EFD57272AAA035A00C64ADC /* FoodListView.swift */,
			);
			path = Screens;
			sourceTree = "<group>";
		};
		5EFD57502AAAF12100C64ADC /* Views */ = {
			isa = PBXGroup;
			children = (
				5E8980C12AAC65D400DDBE9B /* ProductRow.swift */,
				5EFD576D2AABA9AF00C64ADC /* FoodCard.swift */,
				5E8980B92AAC60BA00DDBE9B /* CartView.swift */,
				5EA9D1652AACAE2E00587DE2 /* PaymentButton.swift */,
			);
			path = Views;
			sourceTree = "<group>";
		};
		5EFD57512AAAF12E00C64ADC /* Components */ = {
			isa = PBXGroup;
			children = (
				5E8980B72AAC501E00DDBE9B /* LoaderView.swift */,
				5E8980BB2AAC611200DDBE9B /* CartButton.swift */,
			);
			path = Components;
			sourceTree = "<group>";
		};
		5EFD57522AAAF14000C64ADC /* ViewModel */ = {
			isa = PBXGroup;
			children = (
				5EFD57582AAAF27C00C64ADC /* FoodViewModel.swift */,
			);
			path = ViewModel;
			sourceTree = "<group>";
		};
		5EFD57532AAAF14D00C64ADC /* Models */ = {
			isa = PBXGroup;
			children = (
				5EA9D1692AACB9D200587DE2 /* Payments */,
				5EFD575D2AAAF36C00C64ADC /* Food.swift */,
			);
			path = Models;
			sourceTree = "<group>";
		};
		5EFD57552AAAF17200C64ADC /* Assets */ = {
			isa = PBXGroup;
			children = (
				5EFD57292AAA035C00C64ADC /* Assets.xcassets */,
				5EFD57562AAAF19500C64ADC /* Localizable.strings */,
			);
			path = Assets;
			sourceTree = "<group>";
		};
		5EFD575C2AAAF31300C64ADC /* Model */ = {
			isa = PBXGroup;
			children = (
				5EFD575A2AAAF30900C64ADC /* FoodModel.swift */,
				5EFD575F2AAAF3EE00C64ADC /* DefaultFoodModel.swift */,
			);
			path = Model;
			sourceTree = "<group>";
		};
		5EFD57652AAAF6B800C64ADC /* FoodList */ = {
			isa = PBXGroup;
			children = (
				5EFD575C2AAAF31300C64ADC /* Model */,
				5EFD57532AAAF14D00C64ADC /* Models */,
				5EFD57522AAAF14000C64ADC /* ViewModel */,
				5EFD57502AAAF12100C64ADC /* Views */,
			);
			path = FoodList;
			sourceTree = "<group>";
		};
		5EFD57662AAAF89000C64ADC /* Utilities */ = {
			isa = PBXGroup;
			children = (
				5E5D860A2AADB88E00F2BFF8 /* NetWorkError.swift */,
				5EFD57672AAAF8B400C64ADC /* NetworkManager.swift */,
				5E8980BF2AAC646E00DDBE9B /* ViewState.swift */,
			);
			path = Utilities;
			sourceTree = "<group>";
		};
/* End PBXGroup section */

/* Begin PBXNativeTarget section */
		5EFD57212AAA035A00C64ADC /* FoodApp */ = {
			isa = PBXNativeTarget;
			buildConfigurationList = 5EFD57462AAA035C00C64ADC /* Build configuration list for PBXNativeTarget "FoodApp" */;
			buildPhases = (
				5EFD571E2AAA035A00C64ADC /* Sources */,
				5EFD571F2AAA035A00C64ADC /* Frameworks */,
				5EFD57202AAA035A00C64ADC /* Resources */,
			);
			buildRules = (
			);
			dependencies = (
			);
			name = FoodApp;
			productName = FoodApp;
			productReference = 5EFD57222AAA035A00C64ADC /* FoodApp.app */;
			productType = "com.apple.product-type.application";
		};
		5EFD57312AAA035C00C64ADC /* FoodAppTests */ = {
			isa = PBXNativeTarget;
			buildConfigurationList = 5EFD57492AAA035C00C64ADC /* Build configuration list for PBXNativeTarget "FoodAppTests" */;
			buildPhases = (
				5EFD572E2AAA035C00C64ADC /* Sources */,
				5EFD572F2AAA035C00C64ADC /* Frameworks */,
				5EFD57302AAA035C00C64ADC /* Resources */,
			);
			buildRules = (
			);
			dependencies = (
				5EFD57342AAA035C00C64ADC /* PBXTargetDependency */,
			);
			name = FoodAppTests;
			productName = FoodAppTests;
			productReference = 5EFD57322AAA035C00C64ADC /* FoodAppTests.xctest */;
			productType = "com.apple.product-type.bundle.unit-test";
		};
		5EFD573B2AAA035C00C64ADC /* FoodAppUITests */ = {
			isa = PBXNativeTarget;
			buildConfigurationList = 5EFD574C2AAA035C00C64ADC /* Build configuration list for PBXNativeTarget "FoodAppUITests" */;
			buildPhases = (
				5EFD57382AAA035C00C64ADC /* Sources */,
				5EFD57392AAA035C00C64ADC /* Frameworks */,
				5EFD573A2AAA035C00C64ADC /* Resources */,
			);
			buildRules = (
			);
			dependencies = (
				5EFD573E2AAA035C00C64ADC /* PBXTargetDependency */,
			);
			name = FoodAppUITests;
			productName = FoodAppUITests;
			productReference = 5EFD573C2AAA035C00C64ADC /* FoodAppUITests.xctest */;
			productType = "com.apple.product-type.bundle.ui-testing";
		};
/* End PBXNativeTarget section */

/* Begin PBXProject section */
		5EFD571A2AAA035A00C64ADC /* Project object */ = {
			isa = PBXProject;
			attributes = {
				BuildIndependentTargetsInParallel = 1;
				LastSwiftUpdateCheck = 1340;
				LastUpgradeCheck = 1340;
				TargetAttributes = {
					5EFD57212AAA035A00C64ADC = {
						CreatedOnToolsVersion = 13.4.1;
					};
					5EFD57312AAA035C00C64ADC = {
						CreatedOnToolsVersion = 13.4.1;
						LastSwiftMigration = 1340;
						TestTargetID = 5EFD57212AAA035A00C64ADC;
					};
					5EFD573B2AAA035C00C64ADC = {
						CreatedOnToolsVersion = 13.4.1;
						TestTargetID = 5EFD57212AAA035A00C64ADC;
					};
				};
			};
			buildConfigurationList = 5EFD571D2AAA035A00C64ADC /* Build configuration list for PBXProject "FoodApp" */;
			compatibilityVersion = "Xcode 13.0";
			developmentRegion = en;
			hasScannedForEncodings = 0;
			knownRegions = (
				en,
				Base,
			);
			mainGroup = 5EFD57192AAA035A00C64ADC;
			productRefGroup = 5EFD57232AAA035A00C64ADC /* Products */;
			projectDirPath = "";
			projectRoot = "";
			targets = (
				5EFD57212AAA035A00C64ADC /* FoodApp */,
				5EFD57312AAA035C00C64ADC /* FoodAppTests */,
				5EFD573B2AAA035C00C64ADC /* FoodAppUITests */,
			);
		};
/* End PBXProject section */

/* Begin PBXResourcesBuildPhase section */
		5EFD57202AAA035A00C64ADC /* Resources */ = {
			isa = PBXResourcesBuildPhase;
			buildActionMask = 2147483647;
			files = (
				5EFD572D2AAA035C00C64ADC /* Preview Assets.xcassets in Resources */,
				5EFD57572AAAF19500C64ADC /* Localizable.strings in Resources */,
				5E5D85F72AACC51100F2BFF8 /* LaunchScreen.storyboard in Resources */,
				5E5D860E2AADD0ED00F2BFF8 /* herokuapp.cer in Resources */,
				5EFD572A2AAA035C00C64ADC /* Assets.xcassets in Resources */,
			);
			runOnlyForDeploymentPostprocessing = 0;
		};
		5EFD57302AAA035C00C64ADC /* Resources */ = {
			isa = PBXResourcesBuildPhase;
			buildActionMask = 2147483647;
			files = (
			);
			runOnlyForDeploymentPostprocessing = 0;
		};
		5EFD573A2AAA035C00C64ADC /* Resources */ = {
			isa = PBXResourcesBuildPhase;
			buildActionMask = 2147483647;
			files = (
			);
			runOnlyForDeploymentPostprocessing = 0;
		};
/* End PBXResourcesBuildPhase section */

/* Begin PBXSourcesBuildPhase section */
		5EFD571E2AAA035A00C64ADC /* Sources */ = {
			isa = PBXSourcesBuildPhase;
			buildActionMask = 2147483647;
			files = (
				5E5D860B2AADB88E00F2BFF8 /* NetWorkError.swift in Sources */,
				5EFD57592AAAF27C00C64ADC /* FoodViewModel.swift in Sources */,
				5EA9D1642AAC6BBD00587DE2 /* NumberFormatter.swift in Sources */,
				5EFD57602AAAF3EE00C64ADC /* DefaultFoodModel.swift in Sources */,
				5EFD57282AAA035A00C64ADC /* FoodListView.swift in Sources */,
				5E8980C22AAC65D400DDBE9B /* ProductRow.swift in Sources */,
				5EFD576E2AABA9AF00C64ADC /* FoodCard.swift in Sources */,
				5EA9D16F2AACBD1C00587DE2 /* FakePaymentProcessor.swift in Sources */,
				5EFD57682AAAF8B400C64ADC /* NetworkManager.swift in Sources */,
				5EA9D16B2AACBA3600587DE2 /* PaymentProcessor.swift in Sources */,
				5E8980BC2AAC611200DDBE9B /* CartButton.swift in Sources */,
				5EA9D1662AACAE2E00587DE2 /* PaymentButton.swift in Sources */,
				5E8980B42AAC4A5D00DDBE9B /* FakeFoodModel.swift in Sources */,
				5E8980BA2AAC60BA00DDBE9B /* CartView.swift in Sources */,
				5EFD575E2AAAF36C00C64ADC /* Food.swift in Sources */,
				5E8980B82AAC501E00DDBE9B /* LoaderView.swift in Sources */,
				5EA9D1682AACB5B100587DE2 /* PaymentHandler.swift in Sources */,
				5E8980C02AAC646E00DDBE9B /* ViewState.swift in Sources */,
				5EA9D16D2AACBACF00587DE2 /* PaymentHandler+PKPaymentAuthorizationControllerDelegate.swift in Sources */,
				5EFD57262AAA035A00C64ADC /* FoodAppApp.swift in Sources */,
				5EFD575B2AAAF30900C64ADC /* FoodModel.swift in Sources */,
			);
			runOnlyForDeploymentPostprocessing = 0;
		};
		5EFD572E2AAA035C00C64ADC /* Sources */ = {
			isa = PBXSourcesBuildPhase;
			buildActionMask = 2147483647;
			files = (
				5E5D85FE2AACD08900F2BFF8 /* XCTestsCase+Extensions.swift in Sources */,
				5E5D86032AACD3AA00F2BFF8 /* FoodModelStub.swift in Sources */,
				5E5D86072AAD96D300F2BFF8 /* Cart+ViewModel_Tests.swift in Sources */,
				5E5D86052AACD44D00F2BFF8 /* PaymentHandlerStub.swift in Sources */,
				5E5D86012AACD32400F2BFF8 /* FoodListViewModel_Tests.swift in Sources */,
				5E5D85FC2AACCFF100F2BFF8 /* _Stub.swift in Sources */,
			);
			runOnlyForDeploymentPostprocessing = 0;
		};
		5EFD57382AAA035C00C64ADC /* Sources */ = {
			isa = PBXSourcesBuildPhase;
			buildActionMask = 2147483647;
			files = (
				5EFD57432AAA035C00C64ADC /* FoodAppUITestsLaunchTests.swift in Sources */,
				5EFD57412AAA035C00C64ADC /* FoodAppUITests.swift in Sources */,
			);
			runOnlyForDeploymentPostprocessing = 0;
		};
/* End PBXSourcesBuildPhase section */

/* Begin PBXTargetDependency section */
		5EFD57342AAA035C00C64ADC /* PBXTargetDependency */ = {
			isa = PBXTargetDependency;
			target = 5EFD57212AAA035A00C64ADC /* FoodApp */;
			targetProxy = 5EFD57332AAA035C00C64ADC /* PBXContainerItemProxy */;
		};
		5EFD573E2AAA035C00C64ADC /* PBXTargetDependency */ = {
			isa = PBXTargetDependency;
			target = 5EFD57212AAA035A00C64ADC /* FoodApp */;
			targetProxy = 5EFD573D2AAA035C00C64ADC /* PBXContainerItemProxy */;
		};
/* End PBXTargetDependency section */

/* Begin XCBuildConfiguration section */
		5EFD57442AAA035C00C64ADC /* Debug */ = {
			isa = XCBuildConfiguration;
			buildSettings = {
				ALWAYS_SEARCH_USER_PATHS = NO;
				CLANG_ANALYZER_NONNULL = YES;
				CLANG_ANALYZER_NUMBER_OBJECT_CONVERSION = YES_AGGRESSIVE;
				CLANG_CXX_LANGUAGE_STANDARD = "gnu++17";
				CLANG_ENABLE_MODULES = YES;
				CLANG_ENABLE_OBJC_ARC = YES;
				CLANG_ENABLE_OBJC_WEAK = YES;
				CLANG_WARN_BLOCK_CAPTURE_AUTORELEASING = YES;
				CLANG_WARN_BOOL_CONVERSION = YES;
				CLANG_WARN_COMMA = YES;
				CLANG_WARN_CONSTANT_CONVERSION = YES;
				CLANG_WARN_DEPRECATED_OBJC_IMPLEMENTATIONS = YES;
				CLANG_WARN_DIRECT_OBJC_ISA_USAGE = YES_ERROR;
				CLANG_WARN_DOCUMENTATION_COMMENTS = YES;
				CLANG_WARN_EMPTY_BODY = YES;
				CLANG_WARN_ENUM_CONVERSION = YES;
				CLANG_WARN_INFINITE_RECURSION = YES;
				CLANG_WARN_INT_CONVERSION = YES;
				CLANG_WARN_NON_LITERAL_NULL_CONVERSION = YES;
				CLANG_WARN_OBJC_IMPLICIT_RETAIN_SELF = YES;
				CLANG_WARN_OBJC_LITERAL_CONVERSION = YES;
				CLANG_WARN_OBJC_ROOT_CLASS = YES_ERROR;
				CLANG_WARN_QUOTED_INCLUDE_IN_FRAMEWORK_HEADER = YES;
				CLANG_WARN_RANGE_LOOP_ANALYSIS = YES;
				CLANG_WARN_STRICT_PROTOTYPES = YES;
				CLANG_WARN_SUSPICIOUS_MOVE = YES;
				CLANG_WARN_UNGUARDED_AVAILABILITY = YES_AGGRESSIVE;
				CLANG_WARN_UNREACHABLE_CODE = YES;
				CLANG_WARN__DUPLICATE_METHOD_MATCH = YES;
				COPY_PHASE_STRIP = NO;
				DEBUG_INFORMATION_FORMAT = dwarf;
				ENABLE_STRICT_OBJC_MSGSEND = YES;
				ENABLE_TESTABILITY = YES;
				GCC_C_LANGUAGE_STANDARD = gnu11;
				GCC_DYNAMIC_NO_PIC = NO;
				GCC_NO_COMMON_BLOCKS = YES;
				GCC_OPTIMIZATION_LEVEL = 0;
				GCC_PREPROCESSOR_DEFINITIONS = (
					"DEBUG=1",
					"$(inherited)",
				);
				GCC_WARN_64_TO_32_BIT_CONVERSION = YES;
				GCC_WARN_ABOUT_RETURN_TYPE = YES_ERROR;
				GCC_WARN_UNDECLARED_SELECTOR = YES;
				GCC_WARN_UNINITIALIZED_AUTOS = YES_AGGRESSIVE;
				GCC_WARN_UNUSED_FUNCTION = YES;
				GCC_WARN_UNUSED_VARIABLE = YES;
				IPHONEOS_DEPLOYMENT_TARGET = 15.5;
				MTL_ENABLE_DEBUG_INFO = INCLUDE_SOURCE;
				MTL_FAST_MATH = YES;
				ONLY_ACTIVE_ARCH = YES;
				SDKROOT = iphoneos;
				SWIFT_ACTIVE_COMPILATION_CONDITIONS = DEBUG;
				SWIFT_OPTIMIZATION_LEVEL = "-Onone";
			};
			name = Debug;
		};
		5EFD57452AAA035C00C64ADC /* Release */ = {
			isa = XCBuildConfiguration;
			buildSettings = {
				ALWAYS_SEARCH_USER_PATHS = NO;
				CLANG_ANALYZER_NONNULL = YES;
				CLANG_ANALYZER_NUMBER_OBJECT_CONVERSION = YES_AGGRESSIVE;
				CLANG_CXX_LANGUAGE_STANDARD = "gnu++17";
				CLANG_ENABLE_MODULES = YES;
				CLANG_ENABLE_OBJC_ARC = YES;
				CLANG_ENABLE_OBJC_WEAK = YES;
				CLANG_WARN_BLOCK_CAPTURE_AUTORELEASING = YES;
				CLANG_WARN_BOOL_CONVERSION = YES;
				CLANG_WARN_COMMA = YES;
				CLANG_WARN_CONSTANT_CONVERSION = YES;
				CLANG_WARN_DEPRECATED_OBJC_IMPLEMENTATIONS = YES;
				CLANG_WARN_DIRECT_OBJC_ISA_USAGE = YES_ERROR;
				CLANG_WARN_DOCUMENTATION_COMMENTS = YES;
				CLANG_WARN_EMPTY_BODY = YES;
				CLANG_WARN_ENUM_CONVERSION = YES;
				CLANG_WARN_INFINITE_RECURSION = YES;
				CLANG_WARN_INT_CONVERSION = YES;
				CLANG_WARN_NON_LITERAL_NULL_CONVERSION = YES;
				CLANG_WARN_OBJC_IMPLICIT_RETAIN_SELF = YES;
				CLANG_WARN_OBJC_LITERAL_CONVERSION = YES;
				CLANG_WARN_OBJC_ROOT_CLASS = YES_ERROR;
				CLANG_WARN_QUOTED_INCLUDE_IN_FRAMEWORK_HEADER = YES;
				CLANG_WARN_RANGE_LOOP_ANALYSIS = YES;
				CLANG_WARN_STRICT_PROTOTYPES = YES;
				CLANG_WARN_SUSPICIOUS_MOVE = YES;
				CLANG_WARN_UNGUARDED_AVAILABILITY = YES_AGGRESSIVE;
				CLANG_WARN_UNREACHABLE_CODE = YES;
				CLANG_WARN__DUPLICATE_METHOD_MATCH = YES;
				COPY_PHASE_STRIP = NO;
				DEBUG_INFORMATION_FORMAT = "dwarf-with-dsym";
				ENABLE_NS_ASSERTIONS = NO;
				ENABLE_STRICT_OBJC_MSGSEND = YES;
				GCC_C_LANGUAGE_STANDARD = gnu11;
				GCC_NO_COMMON_BLOCKS = YES;
				GCC_WARN_64_TO_32_BIT_CONVERSION = YES;
				GCC_WARN_ABOUT_RETURN_TYPE = YES_ERROR;
				GCC_WARN_UNDECLARED_SELECTOR = YES;
				GCC_WARN_UNINITIALIZED_AUTOS = YES_AGGRESSIVE;
				GCC_WARN_UNUSED_FUNCTION = YES;
				GCC_WARN_UNUSED_VARIABLE = YES;
				IPHONEOS_DEPLOYMENT_TARGET = 15.5;
				MTL_ENABLE_DEBUG_INFO = NO;
				MTL_FAST_MATH = YES;
				SDKROOT = iphoneos;
				SWIFT_COMPILATION_MODE = wholemodule;
				SWIFT_OPTIMIZATION_LEVEL = "-O";
				VALIDATE_PRODUCT = YES;
			};
			name = Release;
		};
		5EFD57472AAA035C00C64ADC /* Debug */ = {
			isa = XCBuildConfiguration;
			buildSettings = {
				ASSETCATALOG_COMPILER_APPICON_NAME = AppIcon;
				ASSETCATALOG_COMPILER_GLOBAL_ACCENT_COLOR_NAME = AccentColor;
				CODE_SIGN_STYLE = Automatic;
				CURRENT_PROJECT_VERSION = 1;
				DEVELOPMENT_ASSET_PATHS = "\"FoodApp/Preview Content\"";
				ENABLE_PREVIEWS = YES;
				GENERATE_INFOPLIST_FILE = YES;
				INFOPLIST_KEY_UIApplicationSceneManifest_Generation = YES;
				INFOPLIST_KEY_UIApplicationSupportsIndirectInputEvents = YES;
				INFOPLIST_KEY_UILaunchScreen_Generation = YES;
				INFOPLIST_KEY_UILaunchStoryboardName = LaunchScreen;
				INFOPLIST_KEY_UISupportedInterfaceOrientations_iPad = "UIInterfaceOrientationPortrait UIInterfaceOrientationPortraitUpsideDown UIInterfaceOrientationLandscapeLeft UIInterfaceOrientationLandscapeRight";
				INFOPLIST_KEY_UISupportedInterfaceOrientations_iPhone = "UIInterfaceOrientationPortrait UIInterfaceOrientationLandscapeLeft UIInterfaceOrientationLandscapeRight";
				LD_RUNPATH_SEARCH_PATHS = (
					"$(inherited)",
					"@executable_path/Frameworks",
				);
				MARKETING_VERSION = 1.0;
				PRODUCT_BUNDLE_IDENTIFIER = com.example.FoodApp;
				PRODUCT_NAME = "$(TARGET_NAME)";
				SWIFT_EMIT_LOC_STRINGS = YES;
				SWIFT_VERSION = 5.0;
				TARGETED_DEVICE_FAMILY = "1,2";
			};
			name = Debug;
		};
		5EFD57482AAA035C00C64ADC /* Release */ = {
			isa = XCBuildConfiguration;
			buildSettings = {
				ASSETCATALOG_COMPILER_APPICON_NAME = AppIcon;
				ASSETCATALOG_COMPILER_GLOBAL_ACCENT_COLOR_NAME = AccentColor;
				CODE_SIGN_STYLE = Automatic;
				CURRENT_PROJECT_VERSION = 1;
				DEVELOPMENT_ASSET_PATHS = "\"FoodApp/Preview Content\"";
				ENABLE_PREVIEWS = YES;
				GENERATE_INFOPLIST_FILE = YES;
				INFOPLIST_KEY_UIApplicationSceneManifest_Generation = YES;
				INFOPLIST_KEY_UIApplicationSupportsIndirectInputEvents = YES;
				INFOPLIST_KEY_UILaunchScreen_Generation = YES;
				INFOPLIST_KEY_UILaunchStoryboardName = LaunchScreen;
				INFOPLIST_KEY_UISupportedInterfaceOrientations_iPad = "UIInterfaceOrientationPortrait UIInterfaceOrientationPortraitUpsideDown UIInterfaceOrientationLandscapeLeft UIInterfaceOrientationLandscapeRight";
				INFOPLIST_KEY_UISupportedInterfaceOrientations_iPhone = "UIInterfaceOrientationPortrait UIInterfaceOrientationLandscapeLeft UIInterfaceOrientationLandscapeRight";
				LD_RUNPATH_SEARCH_PATHS = (
					"$(inherited)",
					"@executable_path/Frameworks",
				);
				MARKETING_VERSION = 1.0;
				PRODUCT_BUNDLE_IDENTIFIER = com.example.FoodApp;
				PRODUCT_NAME = "$(TARGET_NAME)";
				SWIFT_EMIT_LOC_STRINGS = YES;
				SWIFT_VERSION = 5.0;
				TARGETED_DEVICE_FAMILY = "1,2";
			};
			name = Release;
		};
		5EFD574A2AAA035C00C64ADC /* Debug */ = {
			isa = XCBuildConfiguration;
			buildSettings = {
				ALWAYS_EMBED_SWIFT_STANDARD_LIBRARIES = YES;
				BUNDLE_LOADER = "$(TEST_HOST)";
				CLANG_ENABLE_MODULES = YES;
				CODE_SIGN_STYLE = Automatic;
				CURRENT_PROJECT_VERSION = 1;
				GENERATE_INFOPLIST_FILE = YES;
				IPHONEOS_DEPLOYMENT_TARGET = 15.5;
				LD_RUNPATH_SEARCH_PATHS = (
					"$(inherited)",
					"@executable_path/Frameworks",
					"@loader_path/Frameworks",
				);
				MARKETING_VERSION = 1.0;
				PRODUCT_BUNDLE_IDENTIFIER = shivaji.tanpure.FoodAppTests;
				PRODUCT_NAME = "$(TARGET_NAME)";
				SWIFT_EMIT_LOC_STRINGS = NO;
				SWIFT_OPTIMIZATION_LEVEL = "-Onone";
				SWIFT_VERSION = 5.0;
				TARGETED_DEVICE_FAMILY = "1,2";
				TEST_HOST = "$(BUILT_PRODUCTS_DIR)/FoodApp.app/FoodApp";
			};
			name = Debug;
		};
		5EFD574B2AAA035C00C64ADC /* Release */ = {
			isa = XCBuildConfiguration;
			buildSettings = {
				ALWAYS_EMBED_SWIFT_STANDARD_LIBRARIES = YES;
				BUNDLE_LOADER = "$(TEST_HOST)";
				CLANG_ENABLE_MODULES = YES;
				CODE_SIGN_STYLE = Automatic;
				CURRENT_PROJECT_VERSION = 1;
				GENERATE_INFOPLIST_FILE = YES;
				IPHONEOS_DEPLOYMENT_TARGET = 15.5;
				LD_RUNPATH_SEARCH_PATHS = (
					"$(inherited)",
					"@executable_path/Frameworks",
					"@loader_path/Frameworks",
				);
				MARKETING_VERSION = 1.0;
				PRODUCT_BUNDLE_IDENTIFIER = shivaji.tanpure.FoodAppTests;
				PRODUCT_NAME = "$(TARGET_NAME)";
				SWIFT_EMIT_LOC_STRINGS = NO;
				SWIFT_VERSION = 5.0;
				TARGETED_DEVICE_FAMILY = "1,2";
				TEST_HOST = "$(BUILT_PRODUCTS_DIR)/FoodApp.app/FoodApp";
			};
			name = Release;
		};
		5EFD574D2AAA035C00C64ADC /* Debug */ = {
			isa = XCBuildConfiguration;
			buildSettings = {
				ALWAYS_EMBED_SWIFT_STANDARD_LIBRARIES = YES;
				CODE_SIGN_STYLE = Automatic;
				CURRENT_PROJECT_VERSION = 1;
				GENERATE_INFOPLIST_FILE = YES;
				MARKETING_VERSION = 1.0;
				PRODUCT_BUNDLE_IDENTIFIER = shivaji.tanpure.FoodAppUITests;
				PRODUCT_NAME = "$(TARGET_NAME)";
				SWIFT_EMIT_LOC_STRINGS = NO;
				SWIFT_VERSION = 5.0;
				TARGETED_DEVICE_FAMILY = "1,2";
				TEST_TARGET_NAME = FoodApp;
			};
			name = Debug;
		};
		5EFD574E2AAA035C00C64ADC /* Release */ = {
			isa = XCBuildConfiguration;
			buildSettings = {
				ALWAYS_EMBED_SWIFT_STANDARD_LIBRARIES = YES;
				CODE_SIGN_STYLE = Automatic;
				CURRENT_PROJECT_VERSION = 1;
				GENERATE_INFOPLIST_FILE = YES;
				MARKETING_VERSION = 1.0;
				PRODUCT_BUNDLE_IDENTIFIER = shivaji.tanpure.FoodAppUITests;
				PRODUCT_NAME = "$(TARGET_NAME)";
				SWIFT_EMIT_LOC_STRINGS = NO;
				SWIFT_VERSION = 5.0;
				TARGETED_DEVICE_FAMILY = "1,2";
				TEST_TARGET_NAME = FoodApp;
			};
			name = Release;
		};
/* End XCBuildConfiguration section */

/* Begin XCConfigurationList section */
		5EFD571D2AAA035A00C64ADC /* Build configuration list for PBXProject "FoodApp" */ = {
			isa = XCConfigurationList;
			buildConfigurations = (
				5EFD57442AAA035C00C64ADC /* Debug */,
				5EFD57452AAA035C00C64ADC /* Release */,
			);
			defaultConfigurationIsVisible = 0;
			defaultConfigurationName = Release;
		};
		5EFD57462AAA035C00C64ADC /* Build configuration list for PBXNativeTarget "FoodApp" */ = {
			isa = XCConfigurationList;
			buildConfigurations = (
				5EFD57472AAA035C00C64ADC /* Debug */,
				5EFD57482AAA035C00C64ADC /* Release */,
			);
			defaultConfigurationIsVisible = 0;
			defaultConfigurationName = Release;
		};
		5EFD57492AAA035C00C64ADC /* Build configuration list for PBXNativeTarget "FoodAppTests" */ = {
			isa = XCConfigurationList;
			buildConfigurations = (
				5EFD574A2AAA035C00C64ADC /* Debug */,
				5EFD574B2AAA035C00C64ADC /* Release */,
			);
			defaultConfigurationIsVisible = 0;
			defaultConfigurationName = Release;
		};
		5EFD574C2AAA035C00C64ADC /* Build configuration list for PBXNativeTarget "FoodAppUITests" */ = {
			isa = XCConfigurationList;
			buildConfigurations = (
				5EFD574D2AAA035C00C64ADC /* Debug */,
				5EFD574E2AAA035C00C64ADC /* Release */,
			);
			defaultConfigurationIsVisible = 0;
			defaultConfigurationName = Release;
		};
/* End XCConfigurationList section */
	};
	rootObject = 5EFD571A2AAA035A00C64ADC /* Project object */;
}
